
Microsoft Visual Studio Solution File, Format Version 12.00
# Visual Studio Version 17
VisualStudioVersion = 17.6.33829.357
MinimumVisualStudioVersion = 10.0.40219.1
Project("{FAE04EC0-301F-11D3-BF4B-00C04F79EFBC}") = "Employees", "Employees\Employees.csproj", "{86889F7D-6F32-464A-9078-06DBB67EBFBA}"
EndProject
Global
	GlobalSection(SolutionConfigurationPlatforms) = preSolution
		Debug|Any CPU = Debug|Any CPU
		Release|Any CPU = Release|Any CPU
	EndGlobalSection
	GlobalSection(ProjectConfigurationPlatforms) = postSolution
		{86889F7D-6F32-464A-9078-06DBB67EBFBA}.Debug|Any CPU.ActiveCfg = Debug|Any CPU
		{86889F7D-6F32-464A-9078-06DBB67EBFBA}.Debug|Any CPU.Build.0 = Debug|Any CPU
		{86889F7D-6F32-464A-9078-06DBB67EBFBA}.Release|Any CPU.ActiveCfg = Release|Any CPU
		{86889F7D-6F32-464A-9078-06DBB67EBFBA}.Release|Any CPU.Build.0 = Release|Any CPU
	EndGlobalSection
	GlobalSection(SolutionProperties) = preSolution
		HideSolutionNode = FALSE
	EndGlobalSection
	GlobalSection(ExtensibilityGlobals) = postSolution
		SolutionGuid = {BFBF7E50-C45F-4964-9926-1209898B205E}
	EndGlobalSection
EndGlobal
